{
  "name": "@dumking/lanchat-vision-plugin",
  "version": "0.8.0",
  "lockfileVersion": 3,
  "requires": true,
  "packages": {
    "": {
      "name": "@dumking/lanchat-vision-plugin",
      "version": "0.8.0",
      "workspaces": [
        "web"
      ]
    },
    "node_modules/@dumking/lanchat-plugin-vision-web": {
      "resolved": "web",
      "link": true
    },
    "web": {
      "name": "@dumking/lanchat-plugin-vision-web",
      "version": "0.8.0"
    }
  }
}
